
Microsoft Visual Studio Solution File, Format Version 12.00
# Visual Studio 15
VisualStudioVersion = 15.0.27130.2024
MinimumVisualStudioVersion = 10.0.40219.1
Project("{FAE04EC0-301F-11D3-BF4B-00C04F79EFBC}") = "ReflectionExtensions", "ReflectionExtensions\ReflectionExtensions.csproj", "{9E603667-7550-47D3-A685-6A468455C47E}"
EndProject
Project("{FAE04EC0-301F-11D3-BF4B-00C04F79EFBC}") = "ReflectionExtensions.Tests", "ReflectionExtensions.Tests\ReflectionExtensions.Tests.csproj", "{10E68126-2B73-4D4D-874C-EADE2ECFBB4D}"
EndProject
Global
	GlobalSection(SolutionConfigurationPlatforms) = preSolution
		Debug|Any CPU = Debug|Any CPU
		Release|Any CPU = Release|Any CPU
	EndGlobalSection
	GlobalSection(ProjectConfigurationPlatforms) = postSolution
		{9E603667-7550-47D3-A685-6A468455C47E}.Debug|Any CPU.ActiveCfg = Debug|Any CPU
		{9E603667-7550-47D3-A685-6A468455C47E}.Debug|Any CPU.Build.0 = Debug|Any CPU
		{9E603667-7550-47D3-A685-6A468455C47E}.Release|Any CPU.ActiveCfg = Release|Any CPU
		{9E603667-7550-47D3-A685-6A468455C47E}.Release|Any CPU.Build.0 = Release|Any CPU
		{10E68126-2B73-4D4D-874C-EADE2ECFBB4D}.Debug|Any CPU.ActiveCfg = Debug|Any CPU
		{10E68126-2B73-4D4D-874C-EADE2ECFBB4D}.Debug|Any CPU.Build.0 = Debug|Any CPU
		{10E68126-2B73-4D4D-874C-EADE2ECFBB4D}.Release|Any CPU.ActiveCfg = Release|Any CPU
		{10E68126-2B73-4D4D-874C-EADE2ECFBB4D}.Release|Any CPU.Build.0 = Release|Any CPU
	EndGlobalSection
	GlobalSection(SolutionProperties) = preSolution
		HideSolutionNode = FALSE
	EndGlobalSection
	GlobalSection(ExtensibilityGlobals) = postSolution
		SolutionGuid = {A751B967-A3A5-4827-8673-C1ED62AFEA76}
	EndGlobalSection
EndGlobal
